# THIS IS AN AUTOGENERATED FILE. DO NOT EDIT THIS FILE DIRECTLY.
# yarn lockfile v1


babel-runtime@^5.5.8:
  version "5.8.38"
  resolved "https://registry.yarnpkg.com/babel-runtime/-/babel-runtime-5.8.38.tgz#1c0b02eb63312f5f087ff20450827b425c9d4c19"
  dependencies:
    core-js "^1.0.0"

bio-parsers@^4.1.6:
  version "4.1.6"
  resolved "https://registry.yarnpkg.com/bio-parsers/-/bio-parsers-4.1.6.tgz#fec39d93f08f59e44eaa3c1046ce2200ec71929a"
  dependencies:
    flatmap "0.0.3"
    lodash "^4.13.1"
    safe-access "^0.1.0"
    validate.io-nonnegative-integer-array "^1.0.1"
    ve-sequence-utils "*"
    waldojs "^0.1.9"
    xml2js "^0.4.15"

brukerconverter@1.0.1:
  version "1.0.1"
  resolved "https://registry.yarnpkg.com/brukerconverter/-/brukerconverter-1.0.1.tgz#c04b4a8ace2dd4f99dcc18a42145ce192f95058f"
  dependencies:
    iobuffer "^2.0.0"
    jcampconverter "^2.3.0"
    jszip "^2.5.0"

bson-objectid@^1.1.1:
  version "1.1.5"
  resolved "https://registry.yarnpkg.com/bson-objectid/-/bson-objectid-1.1.5.tgz#4b9e210a98c1c4eaa9edf63aca0784cb30b79b5e"

core-js@^1.0.0:
  version "1.2.7"
  resolved "https://registry.yarnpkg.com/core-js/-/core-js-1.2.7.tgz#652294c14651db28fa93bd2d5ff2983a4f08c636"

extend@3.0.0, extend@^3.0.0:
  version "3.0.0"
  resolved "https://registry.yarnpkg.com/extend/-/extend-3.0.0.tgz#5a474353b9f3353ddd8176dfd37b91c83a46f1d4"

flatmap@0.0.3:
  version "0.0.3"
  resolved "https://registry.yarnpkg.com/flatmap/-/flatmap-0.0.3.tgz#1f18a4d938152d495965f9c958d923ab2dd669b4"

iobuffer@^2.0.0:
  version "2.1.0"
  resolved "https://registry.yarnpkg.com/iobuffer/-/iobuffer-2.1.0.tgz#074882d24020a85db6a5042a0418ef9b6b2e616a"

jcampconverter@^2.3.0, jcampconverter@^2.4.5, jcampconverter@^2.5.1:
  version "2.7.0"
  resolved "https://registry.yarnpkg.com/jcampconverter/-/jcampconverter-2.7.0.tgz#4a2d809d2762b76ae7ee9e7e585c77b7e9977dcd"

jszip@^2.5.0:
  version "2.6.1"
  resolved "https://registry.yarnpkg.com/jszip/-/jszip-2.6.1.tgz#b88f3a7b2e67a2a048152982c7a3756d9c4828f0"
  dependencies:
    pako "~1.0.2"

just-compare@^1.1.19:
  version "1.1.21"
  resolved "https://registry.yarnpkg.com/just-compare/-/just-compare-1.1.21.tgz#e69cc106c68ac50aeb99cafe5f436d44d76f27af"

lodash@^3.10.1:
  version "3.10.1"
  resolved "https://registry.yarnpkg.com/lodash/-/lodash-3.10.1.tgz#5bf45e8e49ba4189e17d482789dfd15bd140b7b6"

lodash@^4.0.0, lodash@^4.10.0, lodash@^4.13.1:
  version "4.17.4"
  resolved "https://registry.yarnpkg.com/lodash/-/lodash-4.17.4.tgz#78203a4d1c328ae1d86dca6460e369b57f4055ae"

md5-o-matic@^0.1.1:
  version "0.1.1"
  resolved "https://registry.yarnpkg.com/md5-o-matic/-/md5-o-matic-0.1.1.tgz#822bccd65e117c514fab176b25945d54100a03c3"

ml-array-utils@0.2.4, ml-array-utils@^0.2.4:
  version "0.2.4"
  resolved "https://registry.yarnpkg.com/ml-array-utils/-/ml-array-utils-0.2.4.tgz#9d27a0a2e08944dc413c4cc3085aacd618f4d838"
  dependencies:
    ml-binary-search "^1.0.1"
    ml-stat "^1.0.1"

ml-binary-search@^1.0.1:
  version "1.1.2"
  resolved "https://registry.yarnpkg.com/ml-binary-search/-/ml-binary-search-1.1.2.tgz#a94749aa56cc9d21308888f58d07dd2d67e7b4ca"

ml-curve-fitting@0.0.6:
  version "0.0.6"
  resolved "https://registry.yarnpkg.com/ml-curve-fitting/-/ml-curve-fitting-0.0.6.tgz#8844ff810cbcc76bdc20a86c5bcd2e10d9d79531"
  dependencies:
    ml-matrix "0.1.0"

ml-disjoint-set@^1.0.0:
  version "1.0.0"
  resolved "https://registry.yarnpkg.com/ml-disjoint-set/-/ml-disjoint-set-1.0.0.tgz#6cd8e583eef5a02585348b98d0df21fd83ef6082"

ml-fft@1.0.5:
  version "1.0.5"
  resolved "https://registry.yarnpkg.com/ml-fft/-/ml-fft-1.0.5.tgz#6fdaa0d7a3b91be44fc7bbca690b2afb4e0cd083"

ml-fft@1.3.4:
  version "1.3.4"
  resolved "https://registry.yarnpkg.com/ml-fft/-/ml-fft-1.3.4.tgz#8df71fdd6415d1d58b82dbc0a60835ebeeacb8b9"

ml-gsd@^1.1.5:
  version "1.1.5"
  resolved "https://registry.yarnpkg.com/ml-gsd/-/ml-gsd-1.1.5.tgz#c3d490af62c7e3292f9d3493b431d662ab30c734"
  dependencies:
    extend "3.0.0"
    ml-optimize-lorentzian "0.1.1"
    ml-savitzky-golay-generalized "1.1.0"
    ml-stat "^1.1.0"
    xy-parser "^1.2.0"

ml-matrix-convolution@0.2.0:
  version "0.2.0"
  resolved "https://registry.yarnpkg.com/ml-matrix-convolution/-/ml-matrix-convolution-0.2.0.tgz#8599966228ac4b84c61d004178517559d68d49cd"
  dependencies:
    ml-fft "1.3.4"
    ml-stat "^1.2.0"

ml-matrix-peaks-finder@0.2.1:
  version "0.2.1"
  resolved "https://registry.yarnpkg.com/ml-matrix-peaks-finder/-/ml-matrix-peaks-finder-0.2.1.tgz#c2accfbf0a0d3bc1f2b97f2b1003ad2988cc56cd"
  dependencies:
    ml-disjoint-set "^1.0.0"
    ml-matrix-convolution "0.2.0"
    ml-stat "^1.3.0"

ml-matrix@0.1.0, ml-matrix@^0.1.0:
  version "0.1.0"
  resolved "https://registry.yarnpkg.com/ml-matrix/-/ml-matrix-0.1.0.tgz#4ee2d6c28c7d9b27c5b1d8779af95825b6c81e23"

ml-matrix@^1.0.4:
  version "1.4.0"
  resolved "https://registry.yarnpkg.com/ml-matrix/-/ml-matrix-1.4.0.tgz#5715c0e9de012c6b8b59983b2ed7816e97b7b719"
  dependencies:
    ml-array-utils "^0.2.4"

ml-optimize-lorentzian@0.1.1:
  version "0.1.1"
  resolved "https://registry.yarnpkg.com/ml-optimize-lorentzian/-/ml-optimize-lorentzian-0.1.1.tgz#dccea7e4801e5aad4c12f57f0a2d0a5fde38b30e"
  dependencies:
    ml-curve-fitting "0.0.6"
    ml-matrix "^0.1.0"

ml-savitzky-golay-generalized@1.1.0:
  version "1.1.0"
  resolved "https://registry.yarnpkg.com/ml-savitzky-golay-generalized/-/ml-savitzky-golay-generalized-1.1.0.tgz#86df10eb8916ec6111e0964d2f2b78276defcee3"
  dependencies:
    extend "^3.0.0"
    ml-stat "1.1.0"

ml-simple-clustering@0.1.0:
  version "0.1.0"
  resolved "https://registry.yarnpkg.com/ml-simple-clustering/-/ml-simple-clustering-0.1.0.tgz#11b600810b4d264bdd602a9408d31e7fb1307cd5"

ml-stat@1.1.0:
  version "1.1.0"
  resolved "https://registry.yarnpkg.com/ml-stat/-/ml-stat-1.1.0.tgz#a00c96e344dab4aba456a836fb4344147e97b5f6"

ml-stat@^1.0.1, ml-stat@^1.1.0, ml-stat@^1.2.0, ml-stat@^1.3.0:
  version "1.3.3"
  resolved "https://registry.yarnpkg.com/ml-stat/-/ml-stat-1.3.3.tgz#8a5493b0f67382fbf705c260e070436655a7dcfa"

nmr-metadata@^1.2.0:
  version "1.2.0"
  resolved "https://registry.yarnpkg.com/nmr-metadata/-/nmr-metadata-1.2.0.tgz#a25d32dadc2408843281136280ee84aa89c2b549"
  dependencies:
    jcampconverter "^2.5.1"
    spectra-data "^1.7.17"

nmr-range@^0.1.10:
  version "0.1.10"
  resolved "https://registry.yarnpkg.com/nmr-range/-/nmr-range-0.1.10.tgz#eebc0c253e5c19b34303fab135027ca283ba12ae"

pako@~1.0.2:
  version "1.0.4"
  resolved "https://registry.yarnpkg.com/pako/-/pako-1.0.4.tgz#412cc97c3b7ff06dc6c2557fd4f03d06f5e708d4"

randomcolor@^0.4.3:
  version "0.4.4"
  resolved "https://registry.yarnpkg.com/randomcolor/-/randomcolor-0.4.4.tgz#5ff56862e97ba03beb0419ff0536ec7aff59eeeb"

safe-access@^0.1.0:
  version "0.1.0"
  resolved "https://registry.yarnpkg.com/safe-access/-/safe-access-0.1.0.tgz#ce46b1190bd316672e1c7d001cab32970c488955"

sax@>=0.6.0:
  version "1.2.2"
  resolved "https://registry.yarnpkg.com/sax/-/sax-1.2.2.tgz#fd8631a23bc7826bef5d871bdb87378c95647828"

spectra-data@^1.7.17:
  version "1.7.17"
  resolved "https://registry.yarnpkg.com/spectra-data/-/spectra-data-1.7.17.tgz#1df67898e95d4e25c0fe75a140be4babb47a9bda"
  dependencies:
    brukerconverter "1.0.1"
    extend "^3.0.0"
    jcampconverter "^2.4.5"
    ml-array-utils "0.2.4"
    ml-fft "1.0.5"
    ml-gsd "^1.1.5"
    ml-matrix "^1.0.4"
    ml-matrix-peaks-finder "0.2.1"
    ml-simple-clustering "0.1.0"
    ml-stat "^1.3.0"
    nmr-range "^0.1.10"

string-splice@^1.3.0:
  version "1.3.0"
  resolved "https://registry.yarnpkg.com/string-splice/-/string-splice-1.3.0.tgz#ef14cddfc6dc42f9b574132b48f9dc184953847a"

validate.io-array@^1.0.3:
  version "1.0.6"
  resolved "https://registry.yarnpkg.com/validate.io-array/-/validate.io-array-1.0.6.tgz#5b5a2cafd8f8b85abb2f886ba153f2d93a27774d"

validate.io-integer@^1.0.5:
  version "1.0.5"
  resolved "https://registry.yarnpkg.com/validate.io-integer/-/validate.io-integer-1.0.5.tgz#168496480b95be2247ec443f2233de4f89878068"
  dependencies:
    validate.io-number "^1.0.3"

validate.io-nonnegative-integer-array@^1.0.1:
  version "1.0.1"
  resolved "https://registry.yarnpkg.com/validate.io-nonnegative-integer-array/-/validate.io-nonnegative-integer-array-1.0.1.tgz#66330a665f5598b96f25f69081f81f632ea4db4f"
  dependencies:
    validate.io-array "^1.0.3"
    validate.io-nonnegative-integer "^1.0.0"

validate.io-nonnegative-integer@^1.0.0:
  version "1.0.0"
  resolved "https://registry.yarnpkg.com/validate.io-nonnegative-integer/-/validate.io-nonnegative-integer-1.0.0.tgz#8069243a08c5f98e95413c929dfd7b18f3f6f29f"
  dependencies:
    validate.io-integer "^1.0.5"

validate.io-number@^1.0.3:
  version "1.0.3"
  resolved "https://registry.yarnpkg.com/validate.io-number/-/validate.io-number-1.0.3.tgz#f63ffeda248bf28a67a8d48e0e3b461a1665baf8"

ve-range-utils@^2.0.34:
  version "2.0.35"
  resolved "https://registry.yarnpkg.com/ve-range-utils/-/ve-range-utils-2.0.35.tgz#75d420cacf7fd56a54a749b292c2020148d67713"
  dependencies:
    lodash "^3.10.1"
    validate.io-nonnegative-integer-array "^1.0.1"

ve-sequence-utils@*:
  version "3.1.13"
  resolved "https://registry.yarnpkg.com/ve-sequence-utils/-/ve-sequence-utils-3.1.13.tgz#64f2727afc08121ce40674daf8948cc0d9fad06f"
  dependencies:
    bson-objectid "^1.1.1"
    lodash "^4.10.0"
    randomcolor "^0.4.3"
    string-splice "^1.3.0"
    validate.io-nonnegative-integer-array "^1.0.1"
    ve-range-utils "^2.0.34"

waldojs@^0.1.9:
  version "0.1.10"
  resolved "https://registry.yarnpkg.com/waldojs/-/waldojs-0.1.10.tgz#0d46adfa2bcf5695aaebed8e7f12733a474b15fc"
  dependencies:
    babel-runtime "^5.5.8"
    just-compare "^1.1.19"

xml2js@^0.4.15:
  version "0.4.17"
  resolved "https://registry.yarnpkg.com/xml2js/-/xml2js-0.4.17.tgz#17be93eaae3f3b779359c795b419705a8817e868"
  dependencies:
    sax ">=0.6.0"
    xmlbuilder "^4.1.0"

xmlbuilder@^4.1.0:
  version "4.2.1"
  resolved "https://registry.yarnpkg.com/xmlbuilder/-/xmlbuilder-4.2.1.tgz#aa58a3041a066f90eaa16c2f5389ff19f3f461a5"
  dependencies:
    lodash "^4.0.0"

xy-parser@^1.2.0:
  version "1.2.0"
  resolved "https://registry.yarnpkg.com/xy-parser/-/xy-parser-1.2.0.tgz#e6ca21c691a3d39d32c6ec753282698722a4665d"
