# THIS IS AN AUTOGENERATED FILE. DO NOT EDIT THIS FILE DIRECTLY.
# yarn lockfile v1


brukerconverter@1.0.1:
  version "1.0.1"
  resolved "https://registry.yarnpkg.com/brukerconverter/-/brukerconverter-1.0.1.tgz#c04b4a8ace2dd4f99dcc18a42145ce192f95058f"
  dependencies:
    iobuffer "^2.0.0"
    jcampconverter "^2.3.0"
    jszip "^2.5.0"

extend@3.0.0, extend@^3.0.0:
  version "3.0.0"
  resolved "https://registry.yarnpkg.com/extend/-/extend-3.0.0.tgz#5a474353b9f3353ddd8176dfd37b91c83a46f1d4"

iobuffer@^2.0.0:
  version "2.1.0"
  resolved "https://registry.yarnpkg.com/iobuffer/-/iobuffer-2.1.0.tgz#074882d24020a85db6a5042a0418ef9b6b2e616a"

jcampconverter@^2.3.0, jcampconverter@^2.4.5, jcampconverter@^2.5.1:
  version "2.7.0"
  resolved "https://registry.yarnpkg.com/jcampconverter/-/jcampconverter-2.7.0.tgz#4a2d809d2762b76ae7ee9e7e585c77b7e9977dcd"

jszip@^2.5.0:
  version "2.6.1"
  resolved "https://registry.yarnpkg.com/jszip/-/jszip-2.6.1.tgz#b88f3a7b2e67a2a048152982c7a3756d9c4828f0"
  dependencies:
    pako "~1.0.2"

ml-array-utils@0.2.4, ml-array-utils@^0.2.4:
  version "0.2.4"
  resolved "https://registry.yarnpkg.com/ml-array-utils/-/ml-array-utils-0.2.4.tgz#9d27a0a2e08944dc413c4cc3085aacd618f4d838"
  dependencies:
    ml-binary-search "^1.0.1"
    ml-stat "^1.0.1"

ml-binary-search@^1.0.1:
  version "1.1.2"
  resolved "https://registry.yarnpkg.com/ml-binary-search/-/ml-binary-search-1.1.2.tgz#a94749aa56cc9d21308888f58d07dd2d67e7b4ca"

ml-curve-fitting@0.0.6:
  version "0.0.6"
  resolved "https://registry.yarnpkg.com/ml-curve-fitting/-/ml-curve-fitting-0.0.6.tgz#8844ff810cbcc76bdc20a86c5bcd2e10d9d79531"
  dependencies:
    ml-matrix "0.1.0"

ml-disjoint-set@^1.0.0:
  version "1.0.0"
  resolved "https://registry.yarnpkg.com/ml-disjoint-set/-/ml-disjoint-set-1.0.0.tgz#6cd8e583eef5a02585348b98d0df21fd83ef6082"

ml-fft@1.0.5:
  version "1.0.5"
  resolved "https://registry.yarnpkg.com/ml-fft/-/ml-fft-1.0.5.tgz#6fdaa0d7a3b91be44fc7bbca690b2afb4e0cd083"

ml-fft@1.3.4:
  version "1.3.4"
  resolved "https://registry.yarnpkg.com/ml-fft/-/ml-fft-1.3.4.tgz#8df71fdd6415d1d58b82dbc0a60835ebeeacb8b9"

ml-gsd@^1.1.5:
  version "1.1.5"
  resolved "https://registry.yarnpkg.com/ml-gsd/-/ml-gsd-1.1.5.tgz#c3d490af62c7e3292f9d3493b431d662ab30c734"
  dependencies:
    extend "3.0.0"
    ml-optimize-lorentzian "0.1.1"
    ml-savitzky-golay-generalized "1.1.0"
    ml-stat "^1.1.0"
    xy-parser "^1.2.0"

ml-matrix-convolution@0.2.0:
  version "0.2.0"
  resolved "https://registry.yarnpkg.com/ml-matrix-convolution/-/ml-matrix-convolution-0.2.0.tgz#8599966228ac4b84c61d004178517559d68d49cd"
  dependencies:
    ml-fft "1.3.4"
    ml-stat "^1.2.0"

ml-matrix-peaks-finder@0.2.1:
  version "0.2.1"
  resolved "https://registry.yarnpkg.com/ml-matrix-peaks-finder/-/ml-matrix-peaks-finder-0.2.1.tgz#c2accfbf0a0d3bc1f2b97f2b1003ad2988cc56cd"
  dependencies:
    ml-disjoint-set "^1.0.0"
    ml-matrix-convolution "0.2.0"
    ml-stat "^1.3.0"

ml-matrix@0.1.0, ml-matrix@^0.1.0:
  version "0.1.0"
  resolved "https://registry.yarnpkg.com/ml-matrix/-/ml-matrix-0.1.0.tgz#4ee2d6c28c7d9b27c5b1d8779af95825b6c81e23"

ml-matrix@^1.0.4:
  version "1.4.0"
  resolved "https://registry.yarnpkg.com/ml-matrix/-/ml-matrix-1.4.0.tgz#5715c0e9de012c6b8b59983b2ed7816e97b7b719"
  dependencies:
    ml-array-utils "^0.2.4"

ml-optimize-lorentzian@0.1.1:
  version "0.1.1"
  resolved "https://registry.yarnpkg.com/ml-optimize-lorentzian/-/ml-optimize-lorentzian-0.1.1.tgz#dccea7e4801e5aad4c12f57f0a2d0a5fde38b30e"
  dependencies:
    ml-curve-fitting "0.0.6"
    ml-matrix "^0.1.0"

ml-savitzky-golay-generalized@1.1.0:
  version "1.1.0"
  resolved "https://registry.yarnpkg.com/ml-savitzky-golay-generalized/-/ml-savitzky-golay-generalized-1.1.0.tgz#86df10eb8916ec6111e0964d2f2b78276defcee3"
  dependencies:
    extend "^3.0.0"
    ml-stat "1.1.0"

ml-simple-clustering@0.1.0:
  version "0.1.0"
  resolved "https://registry.yarnpkg.com/ml-simple-clustering/-/ml-simple-clustering-0.1.0.tgz#11b600810b4d264bdd602a9408d31e7fb1307cd5"

ml-stat@1.1.0:
  version "1.1.0"
  resolved "https://registry.yarnpkg.com/ml-stat/-/ml-stat-1.1.0.tgz#a00c96e344dab4aba456a836fb4344147e97b5f6"

ml-stat@^1.0.1, ml-stat@^1.1.0, ml-stat@^1.2.0, ml-stat@^1.3.0:
  version "1.3.3"
  resolved "https://registry.yarnpkg.com/ml-stat/-/ml-stat-1.3.3.tgz#8a5493b0f67382fbf705c260e070436655a7dcfa"

nmr-metadata@^1.2.0:
  version "1.2.0"
  resolved "https://registry.yarnpkg.com/nmr-metadata/-/nmr-metadata-1.2.0.tgz#a25d32dadc2408843281136280ee84aa89c2b549"
  dependencies:
    jcampconverter "^2.5.1"
    spectra-data "^1.7.17"

nmr-range@^0.1.10:
  version "0.1.10"
  resolved "https://registry.yarnpkg.com/nmr-range/-/nmr-range-0.1.10.tgz#eebc0c253e5c19b34303fab135027ca283ba12ae"

pako@~1.0.2:
  version "1.0.4"
  resolved "https://registry.yarnpkg.com/pako/-/pako-1.0.4.tgz#412cc97c3b7ff06dc6c2557fd4f03d06f5e708d4"

spectra-data@^1.7.17:
  version "1.7.17"
  resolved "https://registry.yarnpkg.com/spectra-data/-/spectra-data-1.7.17.tgz#1df67898e95d4e25c0fe75a140be4babb47a9bda"
  dependencies:
    brukerconverter "1.0.1"
    extend "^3.0.0"
    jcampconverter "^2.4.5"
    ml-array-utils "0.2.4"
    ml-fft "1.0.5"
    ml-gsd "^1.1.5"
    ml-matrix "^1.0.4"
    ml-matrix-peaks-finder "0.2.1"
    ml-simple-clustering "0.1.0"
    ml-stat "^1.3.0"
    nmr-range "^0.1.10"

xy-parser@^1.2.0:
  version "1.2.0"
  resolved "https://registry.yarnpkg.com/xy-parser/-/xy-parser-1.2.0.tgz#e6ca21c691a3d39d32c6ec753282698722a4665d"
