# THIS IS AN AUTOGENERATED FILE. DO NOT EDIT THIS FILE DIRECTLY.
# yarn lockfile v1


ansi-regex@^2.0.0:
  version "2.1.1"
  resolved "https://registry.yarnpkg.com/ansi-regex/-/ansi-regex-2.1.1.tgz#c3b33ab5ee360d86e0e628f0468ae7ef27d654df"

ansi-styles@^2.2.1:
  version "2.2.1"
  resolved "https://registry.yarnpkg.com/ansi-styles/-/ansi-styles-2.2.1.tgz#b432dd3358b634cf75e1e4664368240533c1ddbe"

babel-code-frame@^6.22.0:
  version "6.22.0"
  resolved "https://registry.yarnpkg.com/babel-code-frame/-/babel-code-frame-6.22.0.tgz#027620bee567a88c32561574e7fd0801d33118e4"
  dependencies:
    chalk "^1.1.0"
    esutils "^2.0.2"
    js-tokens "^3.0.0"

babel-core@^6.24.1:
  version "6.24.1"
  resolved "https://registry.yarnpkg.com/babel-core/-/babel-core-6.24.1.tgz#8c428564dce1e1f41fb337ec34f4c3b022b5ad83"
  dependencies:
    babel-code-frame "^6.22.0"
    babel-generator "^6.24.1"
    babel-helpers "^6.24.1"
    babel-messages "^6.23.0"
    babel-register "^6.24.1"
    babel-runtime "^6.22.0"
    babel-template "^6.24.1"
    babel-traverse "^6.24.1"
    babel-types "^6.24.1"
    babylon "^6.11.0"
    convert-source-map "^1.1.0"
    debug "^2.1.1"
    json5 "^0.5.0"
    lodash "^4.2.0"
    minimatch "^3.0.2"
    path-is-absolute "^1.0.0"
    private "^0.1.6"
    slash "^1.0.0"
    source-map "^0.5.0"

babel-generator@^6.24.1:
  version "6.24.1"
  resolved "https://registry.yarnpkg.com/babel-generator/-/babel-generator-6.24.1.tgz#e715f486c58ded25649d888944d52aa07c5d9497"
  dependencies:
    babel-messages "^6.23.0"
    babel-runtime "^6.22.0"
    babel-types "^6.24.1"
    detect-indent "^4.0.0"
    jsesc "^1.3.0"
    lodash "^4.2.0"
    source-map "^0.5.0"
    trim-right "^1.0.1"

babel-helpers@^6.24.1:
  version "6.24.1"
  resolved "https://registry.yarnpkg.com/babel-helpers/-/babel-helpers-6.24.1.tgz#3471de9caec388e5c850e597e58a26ddf37602b2"
  dependencies:
    babel-runtime "^6.22.0"
    babel-template "^6.24.1"

babel-loader@^7.0.0:
  version "7.0.0"
  resolved "https://registry.yarnpkg.com/babel-loader/-/babel-loader-7.0.0.tgz#2e43a66bee1fff4470533d0402c8a4532fafbaf7"
  dependencies:
    find-cache-dir "^0.1.1"
    loader-utils "^1.0.2"
    mkdirp "^0.5.1"

babel-messages@^6.23.0:
  version "6.23.0"
  resolved "https://registry.yarnpkg.com/babel-messages/-/babel-messages-6.23.0.tgz#f3cdf4703858035b2a2951c6ec5edf6c62f2630e"
  dependencies:
    babel-runtime "^6.22.0"

babel-register@^6.24.1:
  version "6.24.1"
  resolved "https://registry.yarnpkg.com/babel-register/-/babel-register-6.24.1.tgz#7e10e13a2f71065bdfad5a1787ba45bca6ded75f"
  dependencies:
    babel-core "^6.24.1"
    babel-runtime "^6.22.0"
    core-js "^2.4.0"
    home-or-tmp "^2.0.0"
    lodash "^4.2.0"
    mkdirp "^0.5.1"
    source-map-support "^0.4.2"

babel-runtime@^5.5.8:
  version "5.8.38"
  resolved "https://registry.yarnpkg.com/babel-runtime/-/babel-runtime-5.8.38.tgz#1c0b02eb63312f5f087ff20450827b425c9d4c19"
  dependencies:
    core-js "^1.0.0"

babel-runtime@^6.22.0:
  version "6.23.0"
  resolved "https://registry.yarnpkg.com/babel-runtime/-/babel-runtime-6.23.0.tgz#0a9489f144de70efb3ce4300accdb329e2fc543b"
  dependencies:
    core-js "^2.4.0"
    regenerator-runtime "^0.10.0"

babel-template@^6.24.1:
  version "6.24.1"
  resolved "https://registry.yarnpkg.com/babel-template/-/babel-template-6.24.1.tgz#04ae514f1f93b3a2537f2a0f60a5a45fb8308333"
  dependencies:
    babel-runtime "^6.22.0"
    babel-traverse "^6.24.1"
    babel-types "^6.24.1"
    babylon "^6.11.0"
    lodash "^4.2.0"

babel-traverse@^6.24.1:
  version "6.24.1"
  resolved "https://registry.yarnpkg.com/babel-traverse/-/babel-traverse-6.24.1.tgz#ab36673fd356f9a0948659e7b338d5feadb31695"
  dependencies:
    babel-code-frame "^6.22.0"
    babel-messages "^6.23.0"
    babel-runtime "^6.22.0"
    babel-types "^6.24.1"
    babylon "^6.15.0"
    debug "^2.2.0"
    globals "^9.0.0"
    invariant "^2.2.0"
    lodash "^4.2.0"

babel-types@^6.24.1:
  version "6.24.1"
  resolved "https://registry.yarnpkg.com/babel-types/-/babel-types-6.24.1.tgz#a136879dc15b3606bda0d90c1fc74304c2ff0975"
  dependencies:
    babel-runtime "^6.22.0"
    esutils "^2.0.2"
    lodash "^4.2.0"
    to-fast-properties "^1.0.1"

babylon@^6.11.0, babylon@^6.15.0:
  version "6.17.2"
  resolved "https://registry.yarnpkg.com/babylon/-/babylon-6.17.2.tgz#201d25ef5f892c41bae49488b08db0dd476e9f5c"

balanced-match@^0.4.1:
  version "0.4.2"
  resolved "https://registry.yarnpkg.com/balanced-match/-/balanced-match-0.4.2.tgz#cb3f3e3c732dc0f01ee70b403f302e61d7709838"

big.js@^3.1.3:
  version "3.1.3"
  resolved "https://registry.yarnpkg.com/big.js/-/big.js-3.1.3.tgz#4cada2193652eb3ca9ec8e55c9015669c9806978"

binary-search@^1.3.2:
  version "1.3.2"
  resolved "https://registry.yarnpkg.com/binary-search/-/binary-search-1.3.2.tgz#88c9b7bd2b7221d352da78ec887f5af2549e4de2"

bio-parsers@^4.1.6:
  version "4.1.6"
  resolved "https://registry.yarnpkg.com/bio-parsers/-/bio-parsers-4.1.6.tgz#fec39d93f08f59e44eaa3c1046ce2200ec71929a"
  dependencies:
    flatmap "0.0.3"
    lodash "^4.13.1"
    safe-access "^0.1.0"
    validate.io-nonnegative-integer-array "^1.0.1"
    ve-sequence-utils "*"
    waldojs "^0.1.9"
    xml2js "^0.4.15"

brace-expansion@^1.1.7:
  version "1.1.7"
  resolved "https://registry.yarnpkg.com/brace-expansion/-/brace-expansion-1.1.7.tgz#3effc3c50e000531fb720eaff80f0ae8ef23cf59"
  dependencies:
    balanced-match "^0.4.1"
    concat-map "0.0.1"

brukerconverter@^1.0.1:
  version "1.0.1"
  resolved "https://registry.yarnpkg.com/brukerconverter/-/brukerconverter-1.0.1.tgz#c04b4a8ace2dd4f99dcc18a42145ce192f95058f"
  dependencies:
    iobuffer "^2.0.0"
    jcampconverter "^2.3.0"
    jszip "^2.5.0"

bson-objectid@^1.1.1:
  version "1.1.5"
  resolved "https://registry.yarnpkg.com/bson-objectid/-/bson-objectid-1.1.5.tgz#4b9e210a98c1c4eaa9edf63aca0784cb30b79b5e"

chalk@^1.1.0:
  version "1.1.3"
  resolved "https://registry.yarnpkg.com/chalk/-/chalk-1.1.3.tgz#a8115c55e4a702fe4d150abd3872822a7e09fc98"
  dependencies:
    ansi-styles "^2.2.1"
    escape-string-regexp "^1.0.2"
    has-ansi "^2.0.0"
    strip-ansi "^3.0.0"
    supports-color "^2.0.0"

commondir@^1.0.1:
  version "1.0.1"
  resolved "https://registry.yarnpkg.com/commondir/-/commondir-1.0.1.tgz#ddd800da0c66127393cca5950ea968a3aaf1253b"

concat-map@0.0.1:
  version "0.0.1"
  resolved "https://registry.yarnpkg.com/concat-map/-/concat-map-0.0.1.tgz#d8a96bd77fd68df7793a73036a3ba0d5405d477b"

convert-source-map@^1.1.0:
  version "1.5.0"
  resolved "https://registry.yarnpkg.com/convert-source-map/-/convert-source-map-1.5.0.tgz#9acd70851c6d5dfdd93d9282e5edf94a03ff46b5"

core-js@^1.0.0:
  version "1.2.7"
  resolved "https://registry.yarnpkg.com/core-js/-/core-js-1.2.7.tgz#652294c14651db28fa93bd2d5ff2983a4f08c636"

core-js@^2.4.0:
  version "2.4.1"
  resolved "https://registry.yarnpkg.com/core-js/-/core-js-2.4.1.tgz#4de911e667b0eae9124e34254b53aea6fc618d3e"

debug@^2.1.1, debug@^2.2.0:
  version "2.6.8"
  resolved "https://registry.yarnpkg.com/debug/-/debug-2.6.8.tgz#e731531ca2ede27d188222427da17821d68ff4fc"
  dependencies:
    ms "2.0.0"

detect-indent@^4.0.0:
  version "4.0.0"
  resolved "https://registry.yarnpkg.com/detect-indent/-/detect-indent-4.0.0.tgz#f76d064352cdf43a1cb6ce619c4ee3a9475de208"
  dependencies:
    repeating "^2.0.0"

emojis-list@^2.0.0:
  version "2.1.0"
  resolved "https://registry.yarnpkg.com/emojis-list/-/emojis-list-2.1.0.tgz#4daa4d9db00f9819880c79fa457ae5b09a1fd389"

escape-string-regexp@^1.0.2:
  version "1.0.5"
  resolved "https://registry.yarnpkg.com/escape-string-regexp/-/escape-string-regexp-1.0.5.tgz#1b61c0562190a8dff6ae3bb2cf0200ca130b86d4"

esutils@^2.0.2:
  version "2.0.2"
  resolved "https://registry.yarnpkg.com/esutils/-/esutils-2.0.2.tgz#0abf4f1caa5bcb1f7a9d8acc6dea4faaa04bac9b"

extend@3.0.0, extend@^3.0.0:
  version "3.0.0"
  resolved "https://registry.yarnpkg.com/extend/-/extend-3.0.0.tgz#5a474353b9f3353ddd8176dfd37b91c83a46f1d4"

find-cache-dir@^0.1.1:
  version "0.1.1"
  resolved "https://registry.yarnpkg.com/find-cache-dir/-/find-cache-dir-0.1.1.tgz#c8defae57c8a52a8a784f9e31c57c742e993a0b9"
  dependencies:
    commondir "^1.0.1"
    mkdirp "^0.5.1"
    pkg-dir "^1.0.0"

find-up@^1.0.0:
  version "1.1.2"
  resolved "https://registry.yarnpkg.com/find-up/-/find-up-1.1.2.tgz#6b2e9822b1a2ce0a60ab64d610eccad53cb24d0f"
  dependencies:
    path-exists "^2.0.0"
    pinkie-promise "^2.0.0"

flatmap@0.0.3:
  version "0.0.3"
  resolved "https://registry.yarnpkg.com/flatmap/-/flatmap-0.0.3.tgz#1f18a4d938152d495965f9c958d923ab2dd669b4"

globals@^9.0.0:
  version "9.17.0"
  resolved "https://registry.yarnpkg.com/globals/-/globals-9.17.0.tgz#0c0ca696d9b9bb694d2e5470bd37777caad50286"

has-ansi@^2.0.0:
  version "2.0.0"
  resolved "https://registry.yarnpkg.com/has-ansi/-/has-ansi-2.0.0.tgz#34f5049ce1ecdf2b0649af3ef24e45ed35416d91"
  dependencies:
    ansi-regex "^2.0.0"

heap@^0.2.6:
  version "0.2.6"
  resolved "https://registry.yarnpkg.com/heap/-/heap-0.2.6.tgz#087e1f10b046932fc8594dd9e6d378afc9d1e5ac"

home-or-tmp@^2.0.0:
  version "2.0.0"
  resolved "https://registry.yarnpkg.com/home-or-tmp/-/home-or-tmp-2.0.0.tgz#e36c3f2d2cae7d746a857e38d18d5f32a7882db8"
  dependencies:
    os-homedir "^1.0.0"
    os-tmpdir "^1.0.1"

invariant@^2.2.0:
  version "2.2.2"
  resolved "https://registry.yarnpkg.com/invariant/-/invariant-2.2.2.tgz#9e1f56ac0acdb6bf303306f338be3b204ae60360"
  dependencies:
    loose-envify "^1.0.0"

iobuffer@^2.0.0:
  version "2.1.0"
  resolved "https://registry.yarnpkg.com/iobuffer/-/iobuffer-2.1.0.tgz#074882d24020a85db6a5042a0418ef9b6b2e616a"

is-finite@^1.0.0:
  version "1.0.2"
  resolved "https://registry.yarnpkg.com/is-finite/-/is-finite-1.0.2.tgz#cc6677695602be550ef11e8b4aa6305342b6d0aa"
  dependencies:
    number-is-nan "^1.0.0"

jcampconverter@^2.3.0, jcampconverter@^2.4.5, jcampconverter@^2.5.1:
  version "2.7.0"
  resolved "https://registry.yarnpkg.com/jcampconverter/-/jcampconverter-2.7.0.tgz#4a2d809d2762b76ae7ee9e7e585c77b7e9977dcd"

js-tokens@^3.0.0:
  version "3.0.1"
  resolved "https://registry.yarnpkg.com/js-tokens/-/js-tokens-3.0.1.tgz#08e9f132484a2c45a30907e9dc4d5567b7f114d7"

jsesc@^1.3.0:
  version "1.3.0"
  resolved "https://registry.yarnpkg.com/jsesc/-/jsesc-1.3.0.tgz#46c3fec8c1892b12b0833db9bc7622176dbab34b"

json5@^0.5.0:
  version "0.5.1"
  resolved "https://registry.yarnpkg.com/json5/-/json5-0.5.1.tgz#1eade7acc012034ad84e2396767ead9fa5495821"

jszip@^2.5.0:
  version "2.6.1"
  resolved "https://registry.yarnpkg.com/jszip/-/jszip-2.6.1.tgz#b88f3a7b2e67a2a048152982c7a3756d9c4828f0"
  dependencies:
    pako "~1.0.2"

just-compare@^1.1.19:
  version "1.1.21"
  resolved "https://registry.yarnpkg.com/just-compare/-/just-compare-1.1.21.tgz#e69cc106c68ac50aeb99cafe5f436d44d76f27af"

loader-utils@^1.0.2:
  version "1.1.0"
  resolved "https://registry.yarnpkg.com/loader-utils/-/loader-utils-1.1.0.tgz#c98aef488bcceda2ffb5e2de646d6a754429f5cd"
  dependencies:
    big.js "^3.1.3"
    emojis-list "^2.0.0"
    json5 "^0.5.0"

lodash@^3.10.1:
  version "3.10.1"
  resolved "https://registry.yarnpkg.com/lodash/-/lodash-3.10.1.tgz#5bf45e8e49ba4189e17d482789dfd15bd140b7b6"

lodash@^4.0.0, lodash@^4.10.0, lodash@^4.13.1, lodash@^4.2.0:
  version "4.17.4"
  resolved "https://registry.yarnpkg.com/lodash/-/lodash-4.17.4.tgz#78203a4d1c328ae1d86dca6460e369b57f4055ae"

loose-envify@^1.0.0:
  version "1.3.1"
  resolved "https://registry.yarnpkg.com/loose-envify/-/loose-envify-1.3.1.tgz#d1a8ad33fa9ce0e713d65fdd0ac8b748d478c848"
  dependencies:
    js-tokens "^3.0.0"

minimatch@^3.0.2:
  version "3.0.4"
  resolved "https://registry.yarnpkg.com/minimatch/-/minimatch-3.0.4.tgz#5166e286457f03306064be5497e8dbb0c3d32083"
  dependencies:
    brace-expansion "^1.1.7"

minimist@0.0.8:
  version "0.0.8"
  resolved "https://registry.yarnpkg.com/minimist/-/minimist-0.0.8.tgz#857fcabfc3397d2625b8228262e86aa7a011b05d"

mkdirp@^0.5.1:
  version "0.5.1"
  resolved "https://registry.yarnpkg.com/mkdirp/-/mkdirp-0.5.1.tgz#30057438eac6cf7f8c4767f38648d6697d75c903"
  dependencies:
    minimist "0.0.8"

ml-array-utils@^0.3.0:
  version "0.3.0"
  resolved "https://registry.yarnpkg.com/ml-array-utils/-/ml-array-utils-0.3.0.tgz#c0cc5afdc1cb051f5a83b1ce71641c243672f649"
  dependencies:
    ml-stat "^1.0.1"

ml-curve-fitting@0.0.6:
  version "0.0.6"
  resolved "https://registry.yarnpkg.com/ml-curve-fitting/-/ml-curve-fitting-0.0.6.tgz#8844ff810cbcc76bdc20a86c5bcd2e10d9d79531"
  dependencies:
    ml-matrix "0.1.0"

ml-curve-fitting@0.0.7:
  version "0.0.7"
  resolved "https://registry.yarnpkg.com/ml-curve-fitting/-/ml-curve-fitting-0.0.7.tgz#1722b03f8c14c03f51c93d248a340cff2df73b2b"
  dependencies:
    ml-matrix "^2.0.0"

ml-disjoint-set@^1.0.0:
  version "1.0.0"
  resolved "https://registry.yarnpkg.com/ml-disjoint-set/-/ml-disjoint-set-1.0.0.tgz#6cd8e583eef5a02585348b98d0df21fd83ef6082"

ml-distance-euclidean@^1.0.0:
  version "1.0.0"
  resolved "https://registry.yarnpkg.com/ml-distance-euclidean/-/ml-distance-euclidean-1.0.0.tgz#08447c2233641a2b2a9b4c29e5f792d28f1d5b95"

ml-distance-matrix@^1.0.0:
  version "1.0.0"
  resolved "https://registry.yarnpkg.com/ml-distance-matrix/-/ml-distance-matrix-1.0.0.tgz#1d1ea4712b070c35407ba666ba8a38bc342ce7eb"

ml-fft@1.3.4:
  version "1.3.4"
  resolved "https://registry.yarnpkg.com/ml-fft/-/ml-fft-1.3.4.tgz#8df71fdd6415d1d58b82dbc0a60835ebeeacb8b9"

ml-fft@^1.3.5:
  version "1.3.5"
  resolved "https://registry.yarnpkg.com/ml-fft/-/ml-fft-1.3.5.tgz#effc1f3c5d0b803a0b39738feb3dacd27c145010"

ml-gsd@^2.0.1:
  version "2.0.1"
  resolved "https://registry.yarnpkg.com/ml-gsd/-/ml-gsd-2.0.1.tgz#322fa970e28dc83957e4c25b6116658b80904522"
  dependencies:
    extend "3.0.0"
    ml-optimize-lorentzian "0.1.1"
    ml-savitzky-golay-generalized "1.1.0"
    xy-parser "^1.2.0"

ml-hash-table@^0.2.0:
  version "0.2.1"
  resolved "https://registry.yarnpkg.com/ml-hash-table/-/ml-hash-table-0.2.1.tgz#ad2aa06c2e3a2ca6a7bbaa0f6dd50a8eaa333d6b"
  dependencies:
    binary-search "^1.3.2"
    new-array "^1.0.0"
    num-sort "^1.0.0"

ml-hclust@^1.3.0:
  version "1.3.0"
  resolved "https://registry.yarnpkg.com/ml-hclust/-/ml-hclust-1.3.0.tgz#6be05bbd269f671e67fd66d548f442e8add5934d"
  dependencies:
    heap "^0.2.6"
    ml-distance-euclidean "^1.0.0"
    ml-distance-matrix "^1.0.0"

ml-matrix-convolution@0.2.0:
  version "0.2.0"
  resolved "https://registry.yarnpkg.com/ml-matrix-convolution/-/ml-matrix-convolution-0.2.0.tgz#8599966228ac4b84c61d004178517559d68d49cd"
  dependencies:
    ml-fft "1.3.4"
    ml-stat "^1.2.0"

ml-matrix-peaks-finder@^0.2.1:
  version "0.2.1"
  resolved "https://registry.yarnpkg.com/ml-matrix-peaks-finder/-/ml-matrix-peaks-finder-0.2.1.tgz#c2accfbf0a0d3bc1f2b97f2b1003ad2988cc56cd"
  dependencies:
    ml-disjoint-set "^1.0.0"
    ml-matrix-convolution "0.2.0"
    ml-stat "^1.3.0"

ml-matrix@0.1.0, ml-matrix@^0.1.0:
  version "0.1.0"
  resolved "https://registry.yarnpkg.com/ml-matrix/-/ml-matrix-0.1.0.tgz#4ee2d6c28c7d9b27c5b1d8779af95825b6c81e23"

ml-matrix@^2.0.0, ml-matrix@^2.3.0:
  version "2.3.0"
  resolved "https://registry.yarnpkg.com/ml-matrix/-/ml-matrix-2.3.0.tgz#df4601670a6735068ee9a6dbf23c094c1d3ece29"
  dependencies:
    ml-array-utils "^0.3.0"

ml-optimize-lorentzian@0.1.1:
  version "0.1.1"
  resolved "https://registry.yarnpkg.com/ml-optimize-lorentzian/-/ml-optimize-lorentzian-0.1.1.tgz#dccea7e4801e5aad4c12f57f0a2d0a5fde38b30e"
  dependencies:
    ml-curve-fitting "0.0.6"
    ml-matrix "^0.1.0"

ml-savitzky-golay-generalized@1.1.0:
  version "1.1.0"
  resolved "https://registry.yarnpkg.com/ml-savitzky-golay-generalized/-/ml-savitzky-golay-generalized-1.1.0.tgz#86df10eb8916ec6111e0964d2f2b78276defcee3"
  dependencies:
    extend "^3.0.0"
    ml-stat "1.1.0"

ml-simple-clustering@0.1.0:
  version "0.1.0"
  resolved "https://registry.yarnpkg.com/ml-simple-clustering/-/ml-simple-clustering-0.1.0.tgz#11b600810b4d264bdd602a9408d31e7fb1307cd5"

ml-sparse-matrix@^0.2.1:
  version "0.2.1"
  resolved "https://registry.yarnpkg.com/ml-sparse-matrix/-/ml-sparse-matrix-0.2.1.tgz#f57d90e41de8fef2b54299295c9327e11c0e4942"
  dependencies:
    ml-hash-table "^0.2.0"

ml-stat@1.1.0:
  version "1.1.0"
  resolved "https://registry.yarnpkg.com/ml-stat/-/ml-stat-1.1.0.tgz#a00c96e344dab4aba456a836fb4344147e97b5f6"

ml-stat@^1.0.1, ml-stat@^1.2.0, ml-stat@^1.3.0:
  version "1.3.3"
  resolved "https://registry.yarnpkg.com/ml-stat/-/ml-stat-1.3.3.tgz#8a5493b0f67382fbf705c260e070436655a7dcfa"

ms@2.0.0:
  version "2.0.0"
  resolved "https://registry.yarnpkg.com/ms/-/ms-2.0.0.tgz#5608aeadfc00be6c2901df5f9861788de0d597c8"

new-array@^1.0.0:
  version "1.0.0"
  resolved "https://registry.yarnpkg.com/new-array/-/new-array-1.0.0.tgz#5dbc639d961eac7f1a9fbc1a7146ec12f2924fbf"

nmr-metadata@^2.0.1:
  version "2.0.1"
  resolved "https://registry.yarnpkg.com/nmr-metadata/-/nmr-metadata-2.0.1.tgz#06a4d201be6847a0843684d14be52e9a25c51fb4"
  dependencies:
    jcampconverter "^2.5.1"
    spectra-data "^3.1.0"

nmr-simulation@^1.0.0:
  version "1.0.0"
  resolved "https://registry.yarnpkg.com/nmr-simulation/-/nmr-simulation-1.0.0.tgz#dc413a42107c256bee06e06e41bf16e5072cd527"
  dependencies:
    binary-search "^1.3.2"
    ml-hclust "^1.3.0"
    ml-matrix "^2.3.0"
    ml-simple-clustering "0.1.0"
    ml-sparse-matrix "^0.2.1"
    new-array "^1.0.0"
    num-sort "^1.0.0"

num-sort@^1.0.0:
  version "1.0.0"
  resolved "https://registry.yarnpkg.com/num-sort/-/num-sort-1.0.0.tgz#cabec1fd5f4da4aca995af90b7a0f379944e1dbd"
  dependencies:
    number-is-nan "^1.0.0"

number-is-nan@^1.0.0:
  version "1.0.1"
  resolved "https://registry.yarnpkg.com/number-is-nan/-/number-is-nan-1.0.1.tgz#097b602b53422a522c1afb8790318336941a011d"

os-homedir@^1.0.0:
  version "1.0.2"
  resolved "https://registry.yarnpkg.com/os-homedir/-/os-homedir-1.0.2.tgz#ffbc4988336e0e833de0c168c7ef152121aa7fb3"

os-tmpdir@^1.0.1:
  version "1.0.2"
  resolved "https://registry.yarnpkg.com/os-tmpdir/-/os-tmpdir-1.0.2.tgz#bbe67406c79aa85c5cfec766fe5734555dfa1274"

pako@~1.0.2:
  version "1.0.4"
  resolved "https://registry.yarnpkg.com/pako/-/pako-1.0.4.tgz#412cc97c3b7ff06dc6c2557fd4f03d06f5e708d4"

path-exists@^2.0.0:
  version "2.1.0"
  resolved "https://registry.yarnpkg.com/path-exists/-/path-exists-2.1.0.tgz#0feb6c64f0fc518d9a754dd5efb62c7022761f4b"
  dependencies:
    pinkie-promise "^2.0.0"

path-is-absolute@^1.0.0:
  version "1.0.1"
  resolved "https://registry.yarnpkg.com/path-is-absolute/-/path-is-absolute-1.0.1.tgz#174b9268735534ffbc7ace6bf53a5a9e1b5c5f5f"

pinkie-promise@^2.0.0:
  version "2.0.1"
  resolved "https://registry.yarnpkg.com/pinkie-promise/-/pinkie-promise-2.0.1.tgz#2135d6dfa7a358c069ac9b178776288228450ffa"
  dependencies:
    pinkie "^2.0.0"

pinkie@^2.0.0:
  version "2.0.4"
  resolved "https://registry.yarnpkg.com/pinkie/-/pinkie-2.0.4.tgz#72556b80cfa0d48a974e80e77248e80ed4f7f870"

pkg-dir@^1.0.0:
  version "1.0.0"
  resolved "https://registry.yarnpkg.com/pkg-dir/-/pkg-dir-1.0.0.tgz#7a4b508a8d5bb2d629d447056ff4e9c9314cf3d4"
  dependencies:
    find-up "^1.0.0"

private@^0.1.6:
  version "0.1.7"
  resolved "https://registry.yarnpkg.com/private/-/private-0.1.7.tgz#68ce5e8a1ef0a23bb570cc28537b5332aba63ef1"

randomcolor@^0.4.3:
  version "0.4.4"
  resolved "https://registry.yarnpkg.com/randomcolor/-/randomcolor-0.4.4.tgz#5ff56862e97ba03beb0419ff0536ec7aff59eeeb"

regenerator-runtime@^0.10.0:
  version "0.10.5"
  resolved "https://registry.yarnpkg.com/regenerator-runtime/-/regenerator-runtime-0.10.5.tgz#336c3efc1220adcedda2c9fab67b5a7955a33658"

repeating@^2.0.0:
  version "2.0.1"
  resolved "https://registry.yarnpkg.com/repeating/-/repeating-2.0.1.tgz#5214c53a926d3552707527fbab415dbc08d06dda"
  dependencies:
    is-finite "^1.0.0"

safe-access@^0.1.0:
  version "0.1.0"
  resolved "https://registry.yarnpkg.com/safe-access/-/safe-access-0.1.0.tgz#ce46b1190bd316672e1c7d001cab32970c488955"

sax@>=0.6.0:
  version "1.2.2"
  resolved "https://registry.yarnpkg.com/sax/-/sax-1.2.2.tgz#fd8631a23bc7826bef5d871bdb87378c95647828"

slash@^1.0.0:
  version "1.0.0"
  resolved "https://registry.yarnpkg.com/slash/-/slash-1.0.0.tgz#c41f2f6c39fc16d1cd17ad4b5d896114ae470d55"

source-map-support@^0.4.2:
  version "0.4.15"
  resolved "https://registry.yarnpkg.com/source-map-support/-/source-map-support-0.4.15.tgz#03202df65c06d2bd8c7ec2362a193056fef8d3b1"
  dependencies:
    source-map "^0.5.6"

source-map@^0.5.0, source-map@^0.5.6:
  version "0.5.6"
  resolved "https://registry.yarnpkg.com/source-map/-/source-map-0.5.6.tgz#75ce38f52bf0733c5a7f0c118d81334a2bb5f412"

spectra-data@^3.1.0:
  version "3.1.0"
  resolved "https://registry.yarnpkg.com/spectra-data/-/spectra-data-3.1.0.tgz#5be688d958fda31d233dc861efa4fad6551f8396"
  dependencies:
    babel-core "^6.24.1"
    babel-loader "^7.0.0"
    brukerconverter "^1.0.1"
    jcampconverter "^2.4.5"
    ml-array-utils "^0.3.0"
    ml-curve-fitting "0.0.7"
    ml-fft "^1.3.5"
    ml-gsd "^2.0.1"
    ml-matrix-peaks-finder "^0.2.1"
    ml-simple-clustering "0.1.0"
    ml-stat "^1.3.0"
    nmr-simulation "^1.0.0"

string-splice@^1.3.0:
  version "1.3.0"
  resolved "https://registry.yarnpkg.com/string-splice/-/string-splice-1.3.0.tgz#ef14cddfc6dc42f9b574132b48f9dc184953847a"

strip-ansi@^3.0.0:
  version "3.0.1"
  resolved "https://registry.yarnpkg.com/strip-ansi/-/strip-ansi-3.0.1.tgz#6a385fb8853d952d5ff05d0e8aaf94278dc63dcf"
  dependencies:
    ansi-regex "^2.0.0"

supports-color@^2.0.0:
  version "2.0.0"
  resolved "https://registry.yarnpkg.com/supports-color/-/supports-color-2.0.0.tgz#535d045ce6b6363fa40117084629995e9df324c7"

to-fast-properties@^1.0.1:
  version "1.0.3"
  resolved "https://registry.yarnpkg.com/to-fast-properties/-/to-fast-properties-1.0.3.tgz#b83571fa4d8c25b82e231b06e3a3055de4ca1a47"

trim-right@^1.0.1:
  version "1.0.1"
  resolved "https://registry.yarnpkg.com/trim-right/-/trim-right-1.0.1.tgz#cb2e1203067e0c8de1f614094b9fe45704ea6003"

validate.io-array@^1.0.3:
  version "1.0.6"
  resolved "https://registry.yarnpkg.com/validate.io-array/-/validate.io-array-1.0.6.tgz#5b5a2cafd8f8b85abb2f886ba153f2d93a27774d"

validate.io-integer@^1.0.5:
  version "1.0.5"
  resolved "https://registry.yarnpkg.com/validate.io-integer/-/validate.io-integer-1.0.5.tgz#168496480b95be2247ec443f2233de4f89878068"
  dependencies:
    validate.io-number "^1.0.3"

validate.io-nonnegative-integer-array@^1.0.1:
  version "1.0.1"
  resolved "https://registry.yarnpkg.com/validate.io-nonnegative-integer-array/-/validate.io-nonnegative-integer-array-1.0.1.tgz#66330a665f5598b96f25f69081f81f632ea4db4f"
  dependencies:
    validate.io-array "^1.0.3"
    validate.io-nonnegative-integer "^1.0.0"

validate.io-nonnegative-integer@^1.0.0:
  version "1.0.0"
  resolved "https://registry.yarnpkg.com/validate.io-nonnegative-integer/-/validate.io-nonnegative-integer-1.0.0.tgz#8069243a08c5f98e95413c929dfd7b18f3f6f29f"
  dependencies:
    validate.io-integer "^1.0.5"

validate.io-number@^1.0.3:
  version "1.0.3"
  resolved "https://registry.yarnpkg.com/validate.io-number/-/validate.io-number-1.0.3.tgz#f63ffeda248bf28a67a8d48e0e3b461a1665baf8"

ve-range-utils@^2.0.34:
  version "2.0.35"
  resolved "https://registry.yarnpkg.com/ve-range-utils/-/ve-range-utils-2.0.35.tgz#75d420cacf7fd56a54a749b292c2020148d67713"
  dependencies:
    lodash "^3.10.1"
    validate.io-nonnegative-integer-array "^1.0.1"

ve-sequence-utils@*:
  version "3.1.13"
  resolved "https://registry.yarnpkg.com/ve-sequence-utils/-/ve-sequence-utils-3.1.13.tgz#64f2727afc08121ce40674daf8948cc0d9fad06f"
  dependencies:
    bson-objectid "^1.1.1"
    lodash "^4.10.0"
    randomcolor "^0.4.3"
    string-splice "^1.3.0"
    validate.io-nonnegative-integer-array "^1.0.1"
    ve-range-utils "^2.0.34"

waldojs@^0.1.9:
  version "0.1.10"
  resolved "https://registry.yarnpkg.com/waldojs/-/waldojs-0.1.10.tgz#0d46adfa2bcf5695aaebed8e7f12733a474b15fc"
  dependencies:
    babel-runtime "^5.5.8"
    just-compare "^1.1.19"

xml2js@^0.4.15:
  version "0.4.17"
  resolved "https://registry.yarnpkg.com/xml2js/-/xml2js-0.4.17.tgz#17be93eaae3f3b779359c795b419705a8817e868"
  dependencies:
    sax ">=0.6.0"
    xmlbuilder "^4.1.0"

xmlbuilder@^4.1.0:
  version "4.2.1"
  resolved "https://registry.yarnpkg.com/xmlbuilder/-/xmlbuilder-4.2.1.tgz#aa58a3041a066f90eaa16c2f5389ff19f3f461a5"
  dependencies:
    lodash "^4.0.0"

xy-parser@^1.2.0:
  version "1.2.0"
  resolved "https://registry.yarnpkg.com/xy-parser/-/xy-parser-1.2.0.tgz#e6ca21c691a3d39d32c6ec753282698722a4665d"
